
Microsoft Visual Studio Solution File, Format Version 12.00
# Visual Studio Version 17
VisualStudioVersion = 17.3.32819.101
MinimumVisualStudioVersion = 10.0.40219.1
Project("{FAE04EC0-301F-11D3-BF4B-00C04F79EFBC}") = "methodproblemextra1", "methodproblemextra1.csproj", "{EDA753F5-C132-456C-9FE3-2EAAEE3E633E}"
EndProject
Global
	GlobalSection(SolutionConfigurationPlatforms) = preSolution
		Debug|Any CPU = Debug|Any CPU
		Release|Any CPU = Release|Any CPU
	EndGlobalSection
	GlobalSection(ProjectConfigurationPlatforms) = postSolution
		{EDA753F5-C132-456C-9FE3-2EAAEE3E633E}.Debug|Any CPU.ActiveCfg = Debug|Any CPU
		{EDA753F5-C132-456C-9FE3-2EAAEE3E633E}.Debug|Any CPU.Build.0 = Debug|Any CPU
		{EDA753F5-C132-456C-9FE3-2EAAEE3E633E}.Release|Any CPU.ActiveCfg = Release|Any CPU
		{EDA753F5-C132-456C-9FE3-2EAAEE3E633E}.Release|Any CPU.Build.0 = Release|Any CPU
	EndGlobalSection
	GlobalSection(SolutionProperties) = preSolution
		HideSolutionNode = FALSE
	EndGlobalSection
	GlobalSection(ExtensibilityGlobals) = postSolution
		SolutionGuid = {43EC99A4-B9DC-46CC-8F86-1EE1D37E0837}
	EndGlobalSection
EndGlobal
